
Microsoft Visual Studio Solution File, Format Version 12.00
# Visual Studio Version 17
VisualStudioVersion = 17.14.36202.13
MinimumVisualStudioVersion = 10.0.40219.1
Project("{FAE04EC0-301F-11D3-BF4B-00C04F79EFBC}") = "EmployeesApp.Web", "EmployeesApp.Web\EmployeesApp.Web.csproj", "{7D7D07DC-DD5E-434C-AC85-14FC1DB5B3D0}"
EndProject
Project("{FAE04EC0-301F-11D3-BF4B-00C04F79EFBC}") = "EmployeesApp.Domain", "EmployeesApp.Domain\EmployeesApp.Domain.csproj", "{08C9FC5E-860D-48DA-B1E8-9E59BD7C1DFD}"
EndProject
Project("{FAE04EC0-301F-11D3-BF4B-00C04F79EFBC}") = "EmployeesApp.Application", "EmployeesApp.Application\EmployeesApp.Application.csproj", "{CC590AAB-DB50-43A7-AC4F-4B0682A57BAC}"
EndProject
Project("{FAE04EC0-301F-11D3-BF4B-00C04F79EFBC}") = "EmployeesApp.Infrastructure", "EmployeesApp.Infrastructure\EmployeesApp.Infrastructure.csproj", "{A8930E0E-2ED0-4961-B725-75997DAE227C}"
EndProject
Project("{FAE04EC0-301F-11D3-BF4B-00C04F79EFBC}") = "EmployeesApp.Terminal", "EmployeesApp.Terminal\EmployeesApp.Terminal.csproj", "{383A27F7-82E5-4257-9530-F04ACFB5C2AE}"
EndProject
Project("{FAE04EC0-301F-11D3-BF4B-00C04F79EFBC}") = "EmployeesApp.Application.Tests", "EmployeesApp.Application.Tests\EmployeesApp.Application.Tests.csproj", "{4EC0D88F-7480-44DB-AC3E-95A305506CC9}"
EndProject
Project("{FAE04EC0-301F-11D3-BF4B-00C04F79EFBC}") = "EmployeesApp.Web.Tests", "EmployeesApp.Web.Tests\EmployeesApp.Web.Tests.csproj", "{9A2FCD83-85F2-4301-ADB5-DEF1FF991C22}"
EndProject
Global
	GlobalSection(SolutionConfigurationPlatforms) = preSolution
		Debug|Any CPU = Debug|Any CPU
		Release|Any CPU = Release|Any CPU
	EndGlobalSection
	GlobalSection(ProjectConfigurationPlatforms) = postSolution
		{7D7D07DC-DD5E-434C-AC85-14FC1DB5B3D0}.Debug|Any CPU.ActiveCfg = Debug|Any CPU
		{7D7D07DC-DD5E-434C-AC85-14FC1DB5B3D0}.Debug|Any CPU.Build.0 = Debug|Any CPU
		{7D7D07DC-DD5E-434C-AC85-14FC1DB5B3D0}.Release|Any CPU.ActiveCfg = Release|Any CPU
		{7D7D07DC-DD5E-434C-AC85-14FC1DB5B3D0}.Release|Any CPU.Build.0 = Release|Any CPU
		{08C9FC5E-860D-48DA-B1E8-9E59BD7C1DFD}.Debug|Any CPU.ActiveCfg = Debug|Any CPU
		{08C9FC5E-860D-48DA-B1E8-9E59BD7C1DFD}.Debug|Any CPU.Build.0 = Debug|Any CPU
		{08C9FC5E-860D-48DA-B1E8-9E59BD7C1DFD}.Release|Any CPU.ActiveCfg = Release|Any CPU
		{08C9FC5E-860D-48DA-B1E8-9E59BD7C1DFD}.Release|Any CPU.Build.0 = Release|Any CPU
		{CC590AAB-DB50-43A7-AC4F-4B0682A57BAC}.Debug|Any CPU.ActiveCfg = Debug|Any CPU
		{CC590AAB-DB50-43A7-AC4F-4B0682A57BAC}.Debug|Any CPU.Build.0 = Debug|Any CPU
		{CC590AAB-DB50-43A7-AC4F-4B0682A57BAC}.Release|Any CPU.ActiveCfg = Release|Any CPU
		{CC590AAB-DB50-43A7-AC4F-4B0682A57BAC}.Release|Any CPU.Build.0 = Release|Any CPU
		{A8930E0E-2ED0-4961-B725-75997DAE227C}.Debug|Any CPU.ActiveCfg = Debug|Any CPU
		{A8930E0E-2ED0-4961-B725-75997DAE227C}.Debug|Any CPU.Build.0 = Debug|Any CPU
		{A8930E0E-2ED0-4961-B725-75997DAE227C}.Release|Any CPU.ActiveCfg = Release|Any CPU
		{A8930E0E-2ED0-4961-B725-75997DAE227C}.Release|Any CPU.Build.0 = Release|Any CPU
		{383A27F7-82E5-4257-9530-F04ACFB5C2AE}.Debug|Any CPU.ActiveCfg = Debug|Any CPU
		{383A27F7-82E5-4257-9530-F04ACFB5C2AE}.Debug|Any CPU.Build.0 = Debug|Any CPU
		{383A27F7-82E5-4257-9530-F04ACFB5C2AE}.Release|Any CPU.ActiveCfg = Release|Any CPU
		{383A27F7-82E5-4257-9530-F04ACFB5C2AE}.Release|Any CPU.Build.0 = Release|Any CPU
		{4EC0D88F-7480-44DB-AC3E-95A305506CC9}.Debug|Any CPU.ActiveCfg = Debug|Any CPU
		{4EC0D88F-7480-44DB-AC3E-95A305506CC9}.Debug|Any CPU.Build.0 = Debug|Any CPU
		{4EC0D88F-7480-44DB-AC3E-95A305506CC9}.Release|Any CPU.ActiveCfg = Release|Any CPU
		{4EC0D88F-7480-44DB-AC3E-95A305506CC9}.Release|Any CPU.Build.0 = Release|Any CPU
		{9A2FCD83-85F2-4301-ADB5-DEF1FF991C22}.Debug|Any CPU.ActiveCfg = Debug|Any CPU
		{9A2FCD83-85F2-4301-ADB5-DEF1FF991C22}.Debug|Any CPU.Build.0 = Debug|Any CPU
		{9A2FCD83-85F2-4301-ADB5-DEF1FF991C22}.Release|Any CPU.ActiveCfg = Release|Any CPU
		{9A2FCD83-85F2-4301-ADB5-DEF1FF991C22}.Release|Any CPU.Build.0 = Release|Any CPU
	EndGlobalSection
	GlobalSection(SolutionProperties) = preSolution
		HideSolutionNode = FALSE
	EndGlobalSection
	GlobalSection(ExtensibilityGlobals) = postSolution
		SolutionGuid = {E700B96D-A09F-48E9-84EB-5FEF4F33E7A9}
	EndGlobalSection
EndGlobal
